
Microsoft Visual Studio Solution File, Format Version 12.00
# Visual Studio Version 16
VisualStudioVersion = 16.0.29905.134
MinimumVisualStudioVersion = 10.0.40219.1
Project("{FAE04EC0-301F-11D3-BF4B-00C04F79EFBC}") = "exercice1", "exercice1\exercice1.csproj", "{EC8F26E0-E6BC-42F6-90CF-D91E9FBA9DA3}"
EndProject
Project("{FAE04EC0-301F-11D3-BF4B-00C04F79EFBC}") = "exercise2", "..\exercise2\exercise2.csproj", "{C3122FD6-5CFB-4B94-A603-F9011F7842CA}"
EndProject
Global
	GlobalSection(SolutionConfigurationPlatforms) = preSolution
		Debug|Any CPU = Debug|Any CPU
		Release|Any CPU = Release|Any CPU
	EndGlobalSection
	GlobalSection(ProjectConfigurationPlatforms) = postSolution
		{EC8F26E0-E6BC-42F6-90CF-D91E9FBA9DA3}.Debug|Any CPU.ActiveCfg = Debug|Any CPU
		{EC8F26E0-E6BC-42F6-90CF-D91E9FBA9DA3}.Debug|Any CPU.Build.0 = Debug|Any CPU
		{EC8F26E0-E6BC-42F6-90CF-D91E9FBA9DA3}.Release|Any CPU.ActiveCfg = Release|Any CPU
		{EC8F26E0-E6BC-42F6-90CF-D91E9FBA9DA3}.Release|Any CPU.Build.0 = Release|Any CPU
		{C3122FD6-5CFB-4B94-A603-F9011F7842CA}.Debug|Any CPU.ActiveCfg = Debug|Any CPU
		{C3122FD6-5CFB-4B94-A603-F9011F7842CA}.Debug|Any CPU.Build.0 = Debug|Any CPU
		{C3122FD6-5CFB-4B94-A603-F9011F7842CA}.Release|Any CPU.ActiveCfg = Release|Any CPU
		{C3122FD6-5CFB-4B94-A603-F9011F7842CA}.Release|Any CPU.Build.0 = Release|Any CPU
	EndGlobalSection
	GlobalSection(SolutionProperties) = preSolution
		HideSolutionNode = FALSE
	EndGlobalSection
	GlobalSection(ExtensibilityGlobals) = postSolution
		SolutionGuid = {73A5626B-5ABC-473A-BE3C-7C14FB70B67F}
	EndGlobalSection
EndGlobal
